
Microsoft Visual Studio Solution File, Format Version 12.00
# Visual Studio Version 16
VisualStudioVersion = 16.0.30204.135
MinimumVisualStudioVersion = 10.0.40219.1
Project("{9A19103F-16F7-4668-BE54-9A1E7A4F7556}") = "DataAccessAPI", "DataAccessAPI\DataAccessAPI.csproj", "{D08D53B2-8F10-4AA3-84DA-41685BC89F90}"
EndProject
Project("{FAE04EC0-301F-11D3-BF4B-00C04F79EFBC}") = "PublisherPageService", "PublisherPageController\PublisherPageService.csproj", "{A0893565-C7B0-4001-AA9A-6B7EF5417C57}"
EndProject
Global
	GlobalSection(SolutionConfigurationPlatforms) = preSolution
		Debug|Any CPU = Debug|Any CPU
		Release|Any CPU = Release|Any CPU
	EndGlobalSection
	GlobalSection(ProjectConfigurationPlatforms) = postSolution
		{D08D53B2-8F10-4AA3-84DA-41685BC89F90}.Debug|Any CPU.ActiveCfg = Debug|Any CPU
		{D08D53B2-8F10-4AA3-84DA-41685BC89F90}.Debug|Any CPU.Build.0 = Debug|Any CPU
		{D08D53B2-8F10-4AA3-84DA-41685BC89F90}.Release|Any CPU.ActiveCfg = Release|Any CPU
		{D08D53B2-8F10-4AA3-84DA-41685BC89F90}.Release|Any CPU.Build.0 = Release|Any CPU
		{A0893565-C7B0-4001-AA9A-6B7EF5417C57}.Debug|Any CPU.ActiveCfg = Debug|Any CPU
		{A0893565-C7B0-4001-AA9A-6B7EF5417C57}.Debug|Any CPU.Build.0 = Debug|Any CPU
		{A0893565-C7B0-4001-AA9A-6B7EF5417C57}.Release|Any CPU.ActiveCfg = Release|Any CPU
		{A0893565-C7B0-4001-AA9A-6B7EF5417C57}.Release|Any CPU.Build.0 = Release|Any CPU
	EndGlobalSection
	GlobalSection(SolutionProperties) = preSolution
		HideSolutionNode = FALSE
	EndGlobalSection
	GlobalSection(ExtensibilityGlobals) = postSolution
		SolutionGuid = {2C387296-E5BE-422F-A8F8-266AB3472DBA}
	EndGlobalSection
EndGlobal
