
Microsoft Visual Studio Solution File, Format Version 12.00
# Visual Studio Version 16
VisualStudioVersion = 16.0.30204.135
MinimumVisualStudioVersion = 10.0.40219.1
Project("{9A19103F-16F7-4668-BE54-9A1E7A4F7556}") = "DataAccessAPI", "DataAccessAPI\DataAccessAPI.csproj", "{D08D53B2-8F10-4AA3-84DA-41685BC89F90}"
EndProject
Project("{9A19103F-16F7-4668-BE54-9A1E7A4F7556}") = "UserService", "UserService\UserService.csproj", "{448FA9AA-D07F-4434-87F4-56A26FE5DA93}"
EndProject
Project("{9A19103F-16F7-4668-BE54-9A1E7A4F7556}") = "IndexService", "IndexService\IndexService.csproj", "{3BEC6570-C5DB-4405-B015-7EB2210A6E65}"
EndProject
Project("{9A19103F-16F7-4668-BE54-9A1E7A4F7556}") = "GameService", "GameService\GameService.csproj", "{9681B2A3-D1C7-42A1-BA25-0945281B0FBD}"
EndProject
Project("{9A19103F-16F7-4668-BE54-9A1E7A4F7556}") = "CartService", "CartService\CartService.csproj", "{878C8913-DB3C-48F1-A0E7-D574536E9AD7}"
EndProject
Project("{9A19103F-16F7-4668-BE54-9A1E7A4F7556}") = "CommentService", "CommentService\CommentService.csproj", "{F59AD03C-CC2E-4D15-A797-428DCFB6BF4F}"
EndProject
Project("{9A19103F-16F7-4668-BE54-9A1E7A4F7556}") = "GameManageService", "GameManageService\GameManageService.csproj", "{299B88AC-3383-4D57-BC55-C57468649BC4}"
EndProject
Project("{9A19103F-16F7-4668-BE54-9A1E7A4F7556}") = "OrderService", "OrderService\OrderService.csproj", "{73F0CA5A-1040-4F0B-8E01-8574A14955D7}"
EndProject
Project("{9A19103F-16F7-4668-BE54-9A1E7A4F7556}") = "PublisherManageOrderService", "PublisherManageOrderService\PublisherManageOrderService.csproj", "{CD3D00CC-6F90-4DCE-B89A-11F09A597F1C}"
EndProject
Project("{9A19103F-16F7-4668-BE54-9A1E7A4F7556}") = "PublisherPageService", "PublisherPageController\PublisherPageService.csproj", "{0ED86517-9BAB-469A-9A3C-01D173BADFAF}"
EndProject
Project("{9A19103F-16F7-4668-BE54-9A1E7A4F7556}") = "RateService", "RateService\RateService.csproj", "{F6E0F01C-55B3-4A9D-BA35-C74AE7EC0B77}"
EndProject
Project("{9A19103F-16F7-4668-BE54-9A1E7A4F7556}") = "WishListSerive", "WishListSerive\WishListSerive.csproj", "{D821823D-D3C6-45D5-8018-3F19743371EA}"
EndProject
Project("{9A19103F-16F7-4668-BE54-9A1E7A4F7556}") = "ICEServer", "ICEServer\ICEServer.csproj", "{17D0AAAC-1335-4E90-922E-CA08B209B4F9}"
EndProject
Project("{9A19103F-16F7-4668-BE54-9A1E7A4F7556}") = "ResponseClass", "ResponseClass\ResponseClass.csproj", "{FBBE909B-5B08-4F16-9395-903B128E73FD}"
EndProject
Project("{8BC9CEB8-8B4A-11D0-8D11-00A0C91BC942}") = "ATLProject1", "ATLProject1\ATLProject1.vcxproj", "{966CBDA0-2D70-4F2A-855B-70D1E7DB9BC5}"
EndProject
Project("{8BC9CEB8-8B4A-11D0-8D11-00A0C91BC942}") = "ATLProject1PS", "ATLProject1PS\ATLProject1PS.vcxproj", "{3615F5A6-D536-4340-B32F-E958F8D5BD4D}"
	ProjectSection(ProjectDependencies) = postProject
		{966CBDA0-2D70-4F2A-855B-70D1E7DB9BC5} = {966CBDA0-2D70-4F2A-855B-70D1E7DB9BC5}
	EndProjectSection
EndProject
Project("{8BC9CEB8-8B4A-11D0-8D11-00A0C91BC942}") = "ConsoleApplication1", "ConsoleApplication1\ConsoleApplication1.vcxproj", "{C01A1CC9-630D-45A4-AD2E-48D1366ABD45}"
EndProject
Project("{FAE04EC0-301F-11D3-BF4B-00C04F79EFBC}") = "classlib", "classlib\classlib.csproj", "{76712318-6434-4D40-853E-3B380FC2D249}"
EndProject
Global
	GlobalSection(SolutionConfigurationPlatforms) = preSolution
		Debug|Any CPU = Debug|Any CPU
		Debug|x64 = Debug|x64
		Debug|x86 = Debug|x86
		Release|Any CPU = Release|Any CPU
		Release|x64 = Release|x64
		Release|x86 = Release|x86
	EndGlobalSection
	GlobalSection(ProjectConfigurationPlatforms) = postSolution
		{D08D53B2-8F10-4AA3-84DA-41685BC89F90}.Debug|Any CPU.ActiveCfg = Debug|Any CPU
		{D08D53B2-8F10-4AA3-84DA-41685BC89F90}.Debug|Any CPU.Build.0 = Debug|Any CPU
		{D08D53B2-8F10-4AA3-84DA-41685BC89F90}.Debug|x64.ActiveCfg = Debug|Any CPU
		{D08D53B2-8F10-4AA3-84DA-41685BC89F90}.Debug|x64.Build.0 = Debug|Any CPU
		{D08D53B2-8F10-4AA3-84DA-41685BC89F90}.Debug|x86.ActiveCfg = Debug|Any CPU
		{D08D53B2-8F10-4AA3-84DA-41685BC89F90}.Debug|x86.Build.0 = Debug|Any CPU
		{D08D53B2-8F10-4AA3-84DA-41685BC89F90}.Release|Any CPU.ActiveCfg = Release|Any CPU
		{D08D53B2-8F10-4AA3-84DA-41685BC89F90}.Release|Any CPU.Build.0 = Release|Any CPU
		{D08D53B2-8F10-4AA3-84DA-41685BC89F90}.Release|x64.ActiveCfg = Release|Any CPU
		{D08D53B2-8F10-4AA3-84DA-41685BC89F90}.Release|x64.Build.0 = Release|Any CPU
		{D08D53B2-8F10-4AA3-84DA-41685BC89F90}.Release|x86.ActiveCfg = Release|Any CPU
		{D08D53B2-8F10-4AA3-84DA-41685BC89F90}.Release|x86.Build.0 = Release|Any CPU
		{448FA9AA-D07F-4434-87F4-56A26FE5DA93}.Debug|Any CPU.ActiveCfg = Debug|Any CPU
		{448FA9AA-D07F-4434-87F4-56A26FE5DA93}.Debug|Any CPU.Build.0 = Debug|Any CPU
		{448FA9AA-D07F-4434-87F4-56A26FE5DA93}.Debug|x64.ActiveCfg = Debug|Any CPU
		{448FA9AA-D07F-4434-87F4-56A26FE5DA93}.Debug|x64.Build.0 = Debug|Any CPU
		{448FA9AA-D07F-4434-87F4-56A26FE5DA93}.Debug|x86.ActiveCfg = Debug|Any CPU
		{448FA9AA-D07F-4434-87F4-56A26FE5DA93}.Debug|x86.Build.0 = Debug|Any CPU
		{448FA9AA-D07F-4434-87F4-56A26FE5DA93}.Release|Any CPU.ActiveCfg = Release|Any CPU
		{448FA9AA-D07F-4434-87F4-56A26FE5DA93}.Release|Any CPU.Build.0 = Release|Any CPU
		{448FA9AA-D07F-4434-87F4-56A26FE5DA93}.Release|x64.ActiveCfg = Release|Any CPU
		{448FA9AA-D07F-4434-87F4-56A26FE5DA93}.Release|x64.Build.0 = Release|Any CPU
		{448FA9AA-D07F-4434-87F4-56A26FE5DA93}.Release|x86.ActiveCfg = Release|Any CPU
		{448FA9AA-D07F-4434-87F4-56A26FE5DA93}.Release|x86.Build.0 = Release|Any CPU
		{3BEC6570-C5DB-4405-B015-7EB2210A6E65}.Debug|Any CPU.ActiveCfg = Debug|Any CPU
		{3BEC6570-C5DB-4405-B015-7EB2210A6E65}.Debug|Any CPU.Build.0 = Debug|Any CPU
		{3BEC6570-C5DB-4405-B015-7EB2210A6E65}.Debug|x64.ActiveCfg = Debug|Any CPU
		{3BEC6570-C5DB-4405-B015-7EB2210A6E65}.Debug|x64.Build.0 = Debug|Any CPU
		{3BEC6570-C5DB-4405-B015-7EB2210A6E65}.Debug|x86.ActiveCfg = Debug|Any CPU
		{3BEC6570-C5DB-4405-B015-7EB2210A6E65}.Debug|x86.Build.0 = Debug|Any CPU
		{3BEC6570-C5DB-4405-B015-7EB2210A6E65}.Release|Any CPU.ActiveCfg = Release|Any CPU
		{3BEC6570-C5DB-4405-B015-7EB2210A6E65}.Release|Any CPU.Build.0 = Release|Any CPU
		{3BEC6570-C5DB-4405-B015-7EB2210A6E65}.Release|x64.ActiveCfg = Release|Any CPU
		{3BEC6570-C5DB-4405-B015-7EB2210A6E65}.Release|x64.Build.0 = Release|Any CPU
		{3BEC6570-C5DB-4405-B015-7EB2210A6E65}.Release|x86.ActiveCfg = Release|Any CPU
		{3BEC6570-C5DB-4405-B015-7EB2210A6E65}.Release|x86.Build.0 = Release|Any CPU
		{9681B2A3-D1C7-42A1-BA25-0945281B0FBD}.Debug|Any CPU.ActiveCfg = Debug|Any CPU
		{9681B2A3-D1C7-42A1-BA25-0945281B0FBD}.Debug|Any CPU.Build.0 = Debug|Any CPU
		{9681B2A3-D1C7-42A1-BA25-0945281B0FBD}.Debug|x64.ActiveCfg = Debug|Any CPU
		{9681B2A3-D1C7-42A1-BA25-0945281B0FBD}.Debug|x64.Build.0 = Debug|Any CPU
		{9681B2A3-D1C7-42A1-BA25-0945281B0FBD}.Debug|x86.ActiveCfg = Debug|Any CPU
		{9681B2A3-D1C7-42A1-BA25-0945281B0FBD}.Debug|x86.Build.0 = Debug|Any CPU
		{9681B2A3-D1C7-42A1-BA25-0945281B0FBD}.Release|Any CPU.ActiveCfg = Release|Any CPU
		{9681B2A3-D1C7-42A1-BA25-0945281B0FBD}.Release|Any CPU.Build.0 = Release|Any CPU
		{9681B2A3-D1C7-42A1-BA25-0945281B0FBD}.Release|x64.ActiveCfg = Release|Any CPU
		{9681B2A3-D1C7-42A1-BA25-0945281B0FBD}.Release|x64.Build.0 = Release|Any CPU
		{9681B2A3-D1C7-42A1-BA25-0945281B0FBD}.Release|x86.ActiveCfg = Release|Any CPU
		{9681B2A3-D1C7-42A1-BA25-0945281B0FBD}.Release|x86.Build.0 = Release|Any CPU
		{878C8913-DB3C-48F1-A0E7-D574536E9AD7}.Debug|Any CPU.ActiveCfg = Debug|Any CPU
		{878C8913-DB3C-48F1-A0E7-D574536E9AD7}.Debug|Any CPU.Build.0 = Debug|Any CPU
		{878C8913-DB3C-48F1-A0E7-D574536E9AD7}.Debug|x64.ActiveCfg = Debug|Any CPU
		{878C8913-DB3C-48F1-A0E7-D574536E9AD7}.Debug|x64.Build.0 = Debug|Any CPU
		{878C8913-DB3C-48F1-A0E7-D574536E9AD7}.Debug|x86.ActiveCfg = Debug|Any CPU
		{878C8913-DB3C-48F1-A0E7-D574536E9AD7}.Debug|x86.Build.0 = Debug|Any CPU
		{878C8913-DB3C-48F1-A0E7-D574536E9AD7}.Release|Any CPU.ActiveCfg = Release|Any CPU
		{878C8913-DB3C-48F1-A0E7-D574536E9AD7}.Release|Any CPU.Build.0 = Release|Any CPU
		{878C8913-DB3C-48F1-A0E7-D574536E9AD7}.Release|x64.ActiveCfg = Release|Any CPU
		{878C8913-DB3C-48F1-A0E7-D574536E9AD7}.Release|x64.Build.0 = Release|Any CPU
		{878C8913-DB3C-48F1-A0E7-D574536E9AD7}.Release|x86.ActiveCfg = Release|Any CPU
		{878C8913-DB3C-48F1-A0E7-D574536E9AD7}.Release|x86.Build.0 = Release|Any CPU
		{F59AD03C-CC2E-4D15-A797-428DCFB6BF4F}.Debug|Any CPU.ActiveCfg = Debug|Any CPU
		{F59AD03C-CC2E-4D15-A797-428DCFB6BF4F}.Debug|Any CPU.Build.0 = Debug|Any CPU
		{F59AD03C-CC2E-4D15-A797-428DCFB6BF4F}.Debug|x64.ActiveCfg = Debug|Any CPU
		{F59AD03C-CC2E-4D15-A797-428DCFB6BF4F}.Debug|x64.Build.0 = Debug|Any CPU
		{F59AD03C-CC2E-4D15-A797-428DCFB6BF4F}.Debug|x86.ActiveCfg = Debug|Any CPU
		{F59AD03C-CC2E-4D15-A797-428DCFB6BF4F}.Debug|x86.Build.0 = Debug|Any CPU
		{F59AD03C-CC2E-4D15-A797-428DCFB6BF4F}.Release|Any CPU.ActiveCfg = Release|Any CPU
		{F59AD03C-CC2E-4D15-A797-428DCFB6BF4F}.Release|Any CPU.Build.0 = Release|Any CPU
		{F59AD03C-CC2E-4D15-A797-428DCFB6BF4F}.Release|x64.ActiveCfg = Release|Any CPU
		{F59AD03C-CC2E-4D15-A797-428DCFB6BF4F}.Release|x64.Build.0 = Release|Any CPU
		{F59AD03C-CC2E-4D15-A797-428DCFB6BF4F}.Release|x86.ActiveCfg = Release|Any CPU
		{F59AD03C-CC2E-4D15-A797-428DCFB6BF4F}.Release|x86.Build.0 = Release|Any CPU
		{299B88AC-3383-4D57-BC55-C57468649BC4}.Debug|Any CPU.ActiveCfg = Debug|Any CPU
		{299B88AC-3383-4D57-BC55-C57468649BC4}.Debug|Any CPU.Build.0 = Debug|Any CPU
		{299B88AC-3383-4D57-BC55-C57468649BC4}.Debug|x64.ActiveCfg = Debug|Any CPU
		{299B88AC-3383-4D57-BC55-C57468649BC4}.Debug|x64.Build.0 = Debug|Any CPU
		{299B88AC-3383-4D57-BC55-C57468649BC4}.Debug|x86.ActiveCfg = Debug|Any CPU
		{299B88AC-3383-4D57-BC55-C57468649BC4}.Debug|x86.Build.0 = Debug|Any CPU
		{299B88AC-3383-4D57-BC55-C57468649BC4}.Release|Any CPU.ActiveCfg = Release|Any CPU
		{299B88AC-3383-4D57-BC55-C57468649BC4}.Release|Any CPU.Build.0 = Release|Any CPU
		{299B88AC-3383-4D57-BC55-C57468649BC4}.Release|x64.ActiveCfg = Release|Any CPU
		{299B88AC-3383-4D57-BC55-C57468649BC4}.Release|x64.Build.0 = Release|Any CPU
		{299B88AC-3383-4D57-BC55-C57468649BC4}.Release|x86.ActiveCfg = Release|Any CPU
		{299B88AC-3383-4D57-BC55-C57468649BC4}.Release|x86.Build.0 = Release|Any CPU
		{73F0CA5A-1040-4F0B-8E01-8574A14955D7}.Debug|Any CPU.ActiveCfg = Debug|Any CPU
		{73F0CA5A-1040-4F0B-8E01-8574A14955D7}.Debug|Any CPU.Build.0 = Debug|Any CPU
		{73F0CA5A-1040-4F0B-8E01-8574A14955D7}.Debug|x64.ActiveCfg = Debug|Any CPU
		{73F0CA5A-1040-4F0B-8E01-8574A14955D7}.Debug|x64.Build.0 = Debug|Any CPU
		{73F0CA5A-1040-4F0B-8E01-8574A14955D7}.Debug|x86.ActiveCfg = Debug|Any CPU
		{73F0CA5A-1040-4F0B-8E01-8574A14955D7}.Debug|x86.Build.0 = Debug|Any CPU
		{73F0CA5A-1040-4F0B-8E01-8574A14955D7}.Release|Any CPU.ActiveCfg = Release|Any CPU
		{73F0CA5A-1040-4F0B-8E01-8574A14955D7}.Release|Any CPU.Build.0 = Release|Any CPU
		{73F0CA5A-1040-4F0B-8E01-8574A14955D7}.Release|x64.ActiveCfg = Release|Any CPU
		{73F0CA5A-1040-4F0B-8E01-8574A14955D7}.Release|x64.Build.0 = Release|Any CPU
		{73F0CA5A-1040-4F0B-8E01-8574A14955D7}.Release|x86.ActiveCfg = Release|Any CPU
		{73F0CA5A-1040-4F0B-8E01-8574A14955D7}.Release|x86.Build.0 = Release|Any CPU
		{CD3D00CC-6F90-4DCE-B89A-11F09A597F1C}.Debug|Any CPU.ActiveCfg = Debug|Any CPU
		{CD3D00CC-6F90-4DCE-B89A-11F09A597F1C}.Debug|Any CPU.Build.0 = Debug|Any CPU
		{CD3D00CC-6F90-4DCE-B89A-11F09A597F1C}.Debug|x64.ActiveCfg = Debug|Any CPU
		{CD3D00CC-6F90-4DCE-B89A-11F09A597F1C}.Debug|x64.Build.0 = Debug|Any CPU
		{CD3D00CC-6F90-4DCE-B89A-11F09A597F1C}.Debug|x86.ActiveCfg = Debug|Any CPU
		{CD3D00CC-6F90-4DCE-B89A-11F09A597F1C}.Debug|x86.Build.0 = Debug|Any CPU
		{CD3D00CC-6F90-4DCE-B89A-11F09A597F1C}.Release|Any CPU.ActiveCfg = Release|Any CPU
		{CD3D00CC-6F90-4DCE-B89A-11F09A597F1C}.Release|Any CPU.Build.0 = Release|Any CPU
		{CD3D00CC-6F90-4DCE-B89A-11F09A597F1C}.Release|x64.ActiveCfg = Release|Any CPU
		{CD3D00CC-6F90-4DCE-B89A-11F09A597F1C}.Release|x64.Build.0 = Release|Any CPU
		{CD3D00CC-6F90-4DCE-B89A-11F09A597F1C}.Release|x86.ActiveCfg = Release|Any CPU
		{CD3D00CC-6F90-4DCE-B89A-11F09A597F1C}.Release|x86.Build.0 = Release|Any CPU
		{0ED86517-9BAB-469A-9A3C-01D173BADFAF}.Debug|Any CPU.ActiveCfg = Debug|Any CPU
		{0ED86517-9BAB-469A-9A3C-01D173BADFAF}.Debug|Any CPU.Build.0 = Debug|Any CPU
		{0ED86517-9BAB-469A-9A3C-01D173BADFAF}.Debug|x64.ActiveCfg = Debug|Any CPU
		{0ED86517-9BAB-469A-9A3C-01D173BADFAF}.Debug|x64.Build.0 = Debug|Any CPU
		{0ED86517-9BAB-469A-9A3C-01D173BADFAF}.Debug|x86.ActiveCfg = Debug|Any CPU
		{0ED86517-9BAB-469A-9A3C-01D173BADFAF}.Debug|x86.Build.0 = Debug|Any CPU
		{0ED86517-9BAB-469A-9A3C-01D173BADFAF}.Release|Any CPU.ActiveCfg = Release|Any CPU
		{0ED86517-9BAB-469A-9A3C-01D173BADFAF}.Release|Any CPU.Build.0 = Release|Any CPU
		{0ED86517-9BAB-469A-9A3C-01D173BADFAF}.Release|x64.ActiveCfg = Release|Any CPU
		{0ED86517-9BAB-469A-9A3C-01D173BADFAF}.Release|x64.Build.0 = Release|Any CPU
		{0ED86517-9BAB-469A-9A3C-01D173BADFAF}.Release|x86.ActiveCfg = Release|Any CPU
		{0ED86517-9BAB-469A-9A3C-01D173BADFAF}.Release|x86.Build.0 = Release|Any CPU
		{F6E0F01C-55B3-4A9D-BA35-C74AE7EC0B77}.Debug|Any CPU.ActiveCfg = Debug|Any CPU
		{F6E0F01C-55B3-4A9D-BA35-C74AE7EC0B77}.Debug|Any CPU.Build.0 = Debug|Any CPU
		{F6E0F01C-55B3-4A9D-BA35-C74AE7EC0B77}.Debug|x64.ActiveCfg = Debug|Any CPU
		{F6E0F01C-55B3-4A9D-BA35-C74AE7EC0B77}.Debug|x64.Build.0 = Debug|Any CPU
		{F6E0F01C-55B3-4A9D-BA35-C74AE7EC0B77}.Debug|x86.ActiveCfg = Debug|Any CPU
		{F6E0F01C-55B3-4A9D-BA35-C74AE7EC0B77}.Debug|x86.Build.0 = Debug|Any CPU
		{F6E0F01C-55B3-4A9D-BA35-C74AE7EC0B77}.Release|Any CPU.ActiveCfg = Release|Any CPU
		{F6E0F01C-55B3-4A9D-BA35-C74AE7EC0B77}.Release|Any CPU.Build.0 = Release|Any CPU
		{F6E0F01C-55B3-4A9D-BA35-C74AE7EC0B77}.Release|x64.ActiveCfg = Release|Any CPU
		{F6E0F01C-55B3-4A9D-BA35-C74AE7EC0B77}.Release|x64.Build.0 = Release|Any CPU
		{F6E0F01C-55B3-4A9D-BA35-C74AE7EC0B77}.Release|x86.ActiveCfg = Release|Any CPU
		{F6E0F01C-55B3-4A9D-BA35-C74AE7EC0B77}.Release|x86.Build.0 = Release|Any CPU
		{D821823D-D3C6-45D5-8018-3F19743371EA}.Debug|Any CPU.ActiveCfg = Debug|Any CPU
		{D821823D-D3C6-45D5-8018-3F19743371EA}.Debug|Any CPU.Build.0 = Debug|Any CPU
		{D821823D-D3C6-45D5-8018-3F19743371EA}.Debug|x64.ActiveCfg = Debug|Any CPU
		{D821823D-D3C6-45D5-8018-3F19743371EA}.Debug|x64.Build.0 = Debug|Any CPU
		{D821823D-D3C6-45D5-8018-3F19743371EA}.Debug|x86.ActiveCfg = Debug|Any CPU
		{D821823D-D3C6-45D5-8018-3F19743371EA}.Debug|x86.Build.0 = Debug|Any CPU
		{D821823D-D3C6-45D5-8018-3F19743371EA}.Release|Any CPU.ActiveCfg = Release|Any CPU
		{D821823D-D3C6-45D5-8018-3F19743371EA}.Release|Any CPU.Build.0 = Release|Any CPU
		{D821823D-D3C6-45D5-8018-3F19743371EA}.Release|x64.ActiveCfg = Release|Any CPU
		{D821823D-D3C6-45D5-8018-3F19743371EA}.Release|x64.Build.0 = Release|Any CPU
		{D821823D-D3C6-45D5-8018-3F19743371EA}.Release|x86.ActiveCfg = Release|Any CPU
		{D821823D-D3C6-45D5-8018-3F19743371EA}.Release|x86.Build.0 = Release|Any CPU
		{17D0AAAC-1335-4E90-922E-CA08B209B4F9}.Debug|Any CPU.ActiveCfg = Debug|Any CPU
		{17D0AAAC-1335-4E90-922E-CA08B209B4F9}.Debug|Any CPU.Build.0 = Debug|Any CPU
		{17D0AAAC-1335-4E90-922E-CA08B209B4F9}.Debug|x64.ActiveCfg = Debug|Any CPU
		{17D0AAAC-1335-4E90-922E-CA08B209B4F9}.Debug|x64.Build.0 = Debug|Any CPU
		{17D0AAAC-1335-4E90-922E-CA08B209B4F9}.Debug|x86.ActiveCfg = Debug|Any CPU
		{17D0AAAC-1335-4E90-922E-CA08B209B4F9}.Debug|x86.Build.0 = Debug|Any CPU
		{17D0AAAC-1335-4E90-922E-CA08B209B4F9}.Release|Any CPU.ActiveCfg = Release|Any CPU
		{17D0AAAC-1335-4E90-922E-CA08B209B4F9}.Release|Any CPU.Build.0 = Release|Any CPU
		{17D0AAAC-1335-4E90-922E-CA08B209B4F9}.Release|x64.ActiveCfg = Release|Any CPU
		{17D0AAAC-1335-4E90-922E-CA08B209B4F9}.Release|x64.Build.0 = Release|Any CPU
		{17D0AAAC-1335-4E90-922E-CA08B209B4F9}.Release|x86.ActiveCfg = Release|Any CPU
		{17D0AAAC-1335-4E90-922E-CA08B209B4F9}.Release|x86.Build.0 = Release|Any CPU
		{FBBE909B-5B08-4F16-9395-903B128E73FD}.Debug|Any CPU.ActiveCfg = Debug|Any CPU
		{FBBE909B-5B08-4F16-9395-903B128E73FD}.Debug|Any CPU.Build.0 = Debug|Any CPU
		{FBBE909B-5B08-4F16-9395-903B128E73FD}.Debug|x64.ActiveCfg = Debug|Any CPU
		{FBBE909B-5B08-4F16-9395-903B128E73FD}.Debug|x64.Build.0 = Debug|Any CPU
		{FBBE909B-5B08-4F16-9395-903B128E73FD}.Debug|x86.ActiveCfg = Debug|Any CPU
		{FBBE909B-5B08-4F16-9395-903B128E73FD}.Debug|x86.Build.0 = Debug|Any CPU
		{FBBE909B-5B08-4F16-9395-903B128E73FD}.Release|Any CPU.ActiveCfg = Release|Any CPU
		{FBBE909B-5B08-4F16-9395-903B128E73FD}.Release|Any CPU.Build.0 = Release|Any CPU
		{FBBE909B-5B08-4F16-9395-903B128E73FD}.Release|x64.ActiveCfg = Release|Any CPU
		{FBBE909B-5B08-4F16-9395-903B128E73FD}.Release|x64.Build.0 = Release|Any CPU
		{FBBE909B-5B08-4F16-9395-903B128E73FD}.Release|x86.ActiveCfg = Release|Any CPU
		{FBBE909B-5B08-4F16-9395-903B128E73FD}.Release|x86.Build.0 = Release|Any CPU
		{966CBDA0-2D70-4F2A-855B-70D1E7DB9BC5}.Debug|Any CPU.ActiveCfg = Debug|Win32
		{966CBDA0-2D70-4F2A-855B-70D1E7DB9BC5}.Debug|x64.ActiveCfg = Debug|x64
		{966CBDA0-2D70-4F2A-855B-70D1E7DB9BC5}.Debug|x64.Build.0 = Debug|x64
		{966CBDA0-2D70-4F2A-855B-70D1E7DB9BC5}.Debug|x86.ActiveCfg = Debug|Win32
		{966CBDA0-2D70-4F2A-855B-70D1E7DB9BC5}.Debug|x86.Build.0 = Debug|Win32
		{966CBDA0-2D70-4F2A-855B-70D1E7DB9BC5}.Release|Any CPU.ActiveCfg = Release|Win32
		{966CBDA0-2D70-4F2A-855B-70D1E7DB9BC5}.Release|x64.ActiveCfg = Release|x64
		{966CBDA0-2D70-4F2A-855B-70D1E7DB9BC5}.Release|x64.Build.0 = Release|x64
		{966CBDA0-2D70-4F2A-855B-70D1E7DB9BC5}.Release|x86.ActiveCfg = Release|Win32
		{966CBDA0-2D70-4F2A-855B-70D1E7DB9BC5}.Release|x86.Build.0 = Release|Win32
		{3615F5A6-D536-4340-B32F-E958F8D5BD4D}.Debug|Any CPU.ActiveCfg = Debug|Win32
		{3615F5A6-D536-4340-B32F-E958F8D5BD4D}.Debug|x64.ActiveCfg = Debug|x64
		{3615F5A6-D536-4340-B32F-E958F8D5BD4D}.Debug|x86.ActiveCfg = Debug|Win32
		{3615F5A6-D536-4340-B32F-E958F8D5BD4D}.Release|Any CPU.ActiveCfg = Release|Win32
		{3615F5A6-D536-4340-B32F-E958F8D5BD4D}.Release|x64.ActiveCfg = Release|x64
		{3615F5A6-D536-4340-B32F-E958F8D5BD4D}.Release|x86.ActiveCfg = Release|Win32
		{C01A1CC9-630D-45A4-AD2E-48D1366ABD45}.Debug|Any CPU.ActiveCfg = Debug|Win32
		{C01A1CC9-630D-45A4-AD2E-48D1366ABD45}.Debug|x64.ActiveCfg = Debug|x64
		{C01A1CC9-630D-45A4-AD2E-48D1366ABD45}.Debug|x64.Build.0 = Debug|x64
		{C01A1CC9-630D-45A4-AD2E-48D1366ABD45}.Debug|x86.ActiveCfg = Debug|Win32
		{C01A1CC9-630D-45A4-AD2E-48D1366ABD45}.Debug|x86.Build.0 = Debug|Win32
		{C01A1CC9-630D-45A4-AD2E-48D1366ABD45}.Release|Any CPU.ActiveCfg = Release|Win32
		{C01A1CC9-630D-45A4-AD2E-48D1366ABD45}.Release|x64.ActiveCfg = Release|x64
		{C01A1CC9-630D-45A4-AD2E-48D1366ABD45}.Release|x64.Build.0 = Release|x64
		{C01A1CC9-630D-45A4-AD2E-48D1366ABD45}.Release|x86.ActiveCfg = Release|Win32
		{C01A1CC9-630D-45A4-AD2E-48D1366ABD45}.Release|x86.Build.0 = Release|Win32
		{76712318-6434-4D40-853E-3B380FC2D249}.Debug|Any CPU.ActiveCfg = Debug|Any CPU
		{76712318-6434-4D40-853E-3B380FC2D249}.Debug|Any CPU.Build.0 = Debug|Any CPU
		{76712318-6434-4D40-853E-3B380FC2D249}.Debug|x64.ActiveCfg = Debug|Any CPU
		{76712318-6434-4D40-853E-3B380FC2D249}.Debug|x64.Build.0 = Debug|Any CPU
		{76712318-6434-4D40-853E-3B380FC2D249}.Debug|x86.ActiveCfg = Debug|Any CPU
		{76712318-6434-4D40-853E-3B380FC2D249}.Debug|x86.Build.0 = Debug|Any CPU
		{76712318-6434-4D40-853E-3B380FC2D249}.Release|Any CPU.ActiveCfg = Release|Any CPU
		{76712318-6434-4D40-853E-3B380FC2D249}.Release|Any CPU.Build.0 = Release|Any CPU
		{76712318-6434-4D40-853E-3B380FC2D249}.Release|x64.ActiveCfg = Release|Any CPU
		{76712318-6434-4D40-853E-3B380FC2D249}.Release|x64.Build.0 = Release|Any CPU
		{76712318-6434-4D40-853E-3B380FC2D249}.Release|x86.ActiveCfg = Release|Any CPU
		{76712318-6434-4D40-853E-3B380FC2D249}.Release|x86.Build.0 = Release|Any CPU
	EndGlobalSection
	GlobalSection(SolutionProperties) = preSolution
		HideSolutionNode = FALSE
	EndGlobalSection
	GlobalSection(ExtensibilityGlobals) = postSolution
		SolutionGuid = {2C387296-E5BE-422F-A8F8-266AB3472DBA}
	EndGlobalSection
EndGlobal
