
Microsoft Visual Studio Solution File, Format Version 12.00
# Visual Studio Version 16
VisualStudioVersion = 16.0.30204.135
MinimumVisualStudioVersion = 10.0.40219.1
Project("{9A19103F-16F7-4668-BE54-9A1E7A4F7556}") = "DataAccessAPI", "DataAccessAPI\DataAccessAPI.csproj", "{D08D53B2-8F10-4AA3-84DA-41685BC89F90}"
EndProject
Project("{9A19103F-16F7-4668-BE54-9A1E7A4F7556}") = "UserService", "UserService\UserService.csproj", "{448FA9AA-D07F-4434-87F4-56A26FE5DA93}"
EndProject
Project("{9A19103F-16F7-4668-BE54-9A1E7A4F7556}") = "IndexService", "IndexService\IndexService.csproj", "{3BEC6570-C5DB-4405-B015-7EB2210A6E65}"
EndProject
Project("{FAE04EC0-301F-11D3-BF4B-00C04F79EFBC}") = "GameService", "GameService\GameService.csproj", "{9681B2A3-D1C7-42A1-BA25-0945281B0FBD}"
EndProject
Global
	GlobalSection(SolutionConfigurationPlatforms) = preSolution
		Debug|Any CPU = Debug|Any CPU
		Release|Any CPU = Release|Any CPU
	EndGlobalSection
	GlobalSection(ProjectConfigurationPlatforms) = postSolution
		{D08D53B2-8F10-4AA3-84DA-41685BC89F90}.Debug|Any CPU.ActiveCfg = Debug|Any CPU
		{D08D53B2-8F10-4AA3-84DA-41685BC89F90}.Debug|Any CPU.Build.0 = Debug|Any CPU
		{D08D53B2-8F10-4AA3-84DA-41685BC89F90}.Release|Any CPU.ActiveCfg = Release|Any CPU
		{D08D53B2-8F10-4AA3-84DA-41685BC89F90}.Release|Any CPU.Build.0 = Release|Any CPU
		{448FA9AA-D07F-4434-87F4-56A26FE5DA93}.Debug|Any CPU.ActiveCfg = Debug|Any CPU
		{448FA9AA-D07F-4434-87F4-56A26FE5DA93}.Debug|Any CPU.Build.0 = Debug|Any CPU
		{448FA9AA-D07F-4434-87F4-56A26FE5DA93}.Release|Any CPU.ActiveCfg = Release|Any CPU
		{448FA9AA-D07F-4434-87F4-56A26FE5DA93}.Release|Any CPU.Build.0 = Release|Any CPU
		{3BEC6570-C5DB-4405-B015-7EB2210A6E65}.Debug|Any CPU.ActiveCfg = Debug|Any CPU
		{3BEC6570-C5DB-4405-B015-7EB2210A6E65}.Debug|Any CPU.Build.0 = Debug|Any CPU
		{3BEC6570-C5DB-4405-B015-7EB2210A6E65}.Release|Any CPU.ActiveCfg = Release|Any CPU
		{3BEC6570-C5DB-4405-B015-7EB2210A6E65}.Release|Any CPU.Build.0 = Release|Any CPU
		{9681B2A3-D1C7-42A1-BA25-0945281B0FBD}.Debug|Any CPU.ActiveCfg = Debug|Any CPU
		{9681B2A3-D1C7-42A1-BA25-0945281B0FBD}.Debug|Any CPU.Build.0 = Debug|Any CPU
		{9681B2A3-D1C7-42A1-BA25-0945281B0FBD}.Release|Any CPU.ActiveCfg = Release|Any CPU
		{9681B2A3-D1C7-42A1-BA25-0945281B0FBD}.Release|Any CPU.Build.0 = Release|Any CPU
	EndGlobalSection
	GlobalSection(SolutionProperties) = preSolution
		HideSolutionNode = FALSE
	EndGlobalSection
	GlobalSection(ExtensibilityGlobals) = postSolution
		SolutionGuid = {2C387296-E5BE-422F-A8F8-266AB3472DBA}
	EndGlobalSection
EndGlobal
